
Microsoft Visual Studio Solution File, Format Version 12.00
# Visual Studio Version 16
VisualStudioVersion = 16.0.31613.86
MinimumVisualStudioVersion = 10.0.40219.1
Project("{FAE04EC0-301F-11D3-BF4B-00C04F79EFBC}") = "IoDirctorirdDEmo", "IoDirctorirdDEmo.csproj", "{03996ACE-4937-44C5-9BD7-FC8C6E2BEF1A}"
EndProject
Global
	GlobalSection(SolutionConfigurationPlatforms) = preSolution
		Debug|Any CPU = Debug|Any CPU
		Release|Any CPU = Release|Any CPU
	EndGlobalSection
	GlobalSection(ProjectConfigurationPlatforms) = postSolution
		{03996ACE-4937-44C5-9BD7-FC8C6E2BEF1A}.Debug|Any CPU.ActiveCfg = Debug|Any CPU
		{03996ACE-4937-44C5-9BD7-FC8C6E2BEF1A}.Debug|Any CPU.Build.0 = Debug|Any CPU
		{03996ACE-4937-44C5-9BD7-FC8C6E2BEF1A}.Release|Any CPU.ActiveCfg = Release|Any CPU
		{03996ACE-4937-44C5-9BD7-FC8C6E2BEF1A}.Release|Any CPU.Build.0 = Release|Any CPU
	EndGlobalSection
	GlobalSection(SolutionProperties) = preSolution
		HideSolutionNode = FALSE
	EndGlobalSection
	GlobalSection(ExtensibilityGlobals) = postSolution
		SolutionGuid = {2ABCD8E6-41E6-4938-800D-02EDA31A0455}
	EndGlobalSection
EndGlobal
